
Microsoft Visual Studio Solution File, Format Version 12.00
# Visual Studio Version 17
VisualStudioVersion = 17.14.37012.4
MinimumVisualStudioVersion = 10.0.40219.1
Project("{FAE04EC0-301F-11D3-BF4B-00C04F79EFBC}") = "Kitten.Voice", "Kitten.Voice.csproj", "{70704BEC-63F2-4C4B-999B-A47493995D15}"
EndProject
Project("{FAE04EC0-301F-11D3-BF4B-00C04F79EFBC}") = "Kitten.Voice.UI", "..\Kitten.Voice.UI\Kitten.Voice.UI.csproj", "{DDA97340-6723-4527-8F61-A71F0F8A58AE}"
EndProject
Global
	GlobalSection(SolutionConfigurationPlatforms) = preSolution
		Debug|Any CPU = Debug|Any CPU
		Debug|x64 = Debug|x64
		Debug|x86 = Debug|x86
		Release|Any CPU = Release|Any CPU
		Release|x64 = Release|x64
		Release|x86 = Release|x86
	EndGlobalSection
	GlobalSection(ProjectConfigurationPlatforms) = postSolution
		{70704BEC-63F2-4C4B-999B-A47493995D15}.Debug|Any CPU.ActiveCfg = Debug|Any CPU
		{70704BEC-63F2-4C4B-999B-A47493995D15}.Debug|Any CPU.Build.0 = Debug|Any CPU
		{70704BEC-63F2-4C4B-999B-A47493995D15}.Debug|x64.ActiveCfg = Debug|Any CPU
		{70704BEC-63F2-4C4B-999B-A47493995D15}.Debug|x64.Build.0 = Debug|Any CPU
		{70704BEC-63F2-4C4B-999B-A47493995D15}.Debug|x86.ActiveCfg = Debug|Any CPU
		{70704BEC-63F2-4C4B-999B-A47493995D15}.Debug|x86.Build.0 = Debug|Any CPU
		{70704BEC-63F2-4C4B-999B-A47493995D15}.Release|Any CPU.ActiveCfg = Release|Any CPU
		{70704BEC-63F2-4C4B-999B-A47493995D15}.Release|Any CPU.Build.0 = Release|Any CPU
		{70704BEC-63F2-4C4B-999B-A47493995D15}.Release|x64.ActiveCfg = Release|Any CPU
		{70704BEC-63F2-4C4B-999B-A47493995D15}.Release|x64.Build.0 = Release|Any CPU
		{70704BEC-63F2-4C4B-999B-A47493995D15}.Release|x86.ActiveCfg = Release|Any CPU
		{70704BEC-63F2-4C4B-999B-A47493995D15}.Release|x86.Build.0 = Release|Any CPU
		{DDA97340-6723-4527-8F61-A71F0F8A58AE}.Debug|Any CPU.ActiveCfg = Debug|Any CPU
		{DDA97340-6723-4527-8F61-A71F0F8A58AE}.Debug|Any CPU.Build.0 = Debug|Any CPU
		{DDA97340-6723-4527-8F61-A71F0F8A58AE}.Debug|x64.ActiveCfg = Debug|Any CPU
		{DDA97340-6723-4527-8F61-A71F0F8A58AE}.Debug|x64.Build.0 = Debug|Any CPU
		{DDA97340-6723-4527-8F61-A71F0F8A58AE}.Debug|x86.ActiveCfg = Debug|Any CPU
		{DDA97340-6723-4527-8F61-A71F0F8A58AE}.Debug|x86.Build.0 = Debug|Any CPU
		{DDA97340-6723-4527-8F61-A71F0F8A58AE}.Release|Any CPU.ActiveCfg = Release|Any CPU
		{DDA97340-6723-4527-8F61-A71F0F8A58AE}.Release|Any CPU.Build.0 = Release|Any CPU
		{DDA97340-6723-4527-8F61-A71F0F8A58AE}.Release|x64.ActiveCfg = Release|Any CPU
		{DDA97340-6723-4527-8F61-A71F0F8A58AE}.Release|x64.Build.0 = Release|Any CPU
		{DDA97340-6723-4527-8F61-A71F0F8A58AE}.Release|x86.ActiveCfg = Release|Any CPU
		{DDA97340-6723-4527-8F61-A71F0F8A58AE}.Release|x86.Build.0 = Release|Any CPU
	EndGlobalSection
	GlobalSection(SolutionProperties) = preSolution
		HideSolutionNode = FALSE
	EndGlobalSection
	GlobalSection(ExtensibilityGlobals) = postSolution
		SolutionGuid = {93BA6F37-58F0-4FC4-944B-9597638CE617}
	EndGlobalSection
EndGlobal
